// !$*UTF8*$!
{
	archiveVersion = 1;
	classes = {
	};
	objectVersion = 46;
	objects = {

/* Begin PBXBuildFile section */
		42122D8A1DC36F1D002B9C38 /* DIALTV_UI_ResourceBundle.bundle in Embed PlugIns */ = {isa = PBXBuildFile; fileRef = 42122D891DC36F1D002B9C38 /* DIALTV_UI_ResourceBundle.bundle */; settings = {ATTRIBUTES = (CodeSignOnCopy, RemoveHeadersOnCopy, ); }; };
		42122D8B1DC36F2A002B9C38 /* DIALTV_UI_ResourceBundle.bundle in Resources */ = {isa = PBXBuildFile; fileRef = 42122D891DC36F1D002B9C38 /* DIALTV_UI_ResourceBundle.bundle */; };
		429A6CD91DABA93E001BD8CC /* main.m in Sources */ = {isa = PBXBuildFile; fileRef = 429A6CD81DABA93E001BD8CC /* main.m */; };
		429A6CDC1DABA93E001BD8CC /* AppDelegate.m in Sources */ = {isa = PBXBuildFile; fileRef = 429A6CDB1DABA93E001BD8CC /* AppDelegate.m */; };
		429A6CDF1DABA93E001BD8CC /* ViewController.m in Sources */ = {isa = PBXBuildFile; fileRef = 429A6CDE1DABA93E001BD8CC /* ViewController.m */; };
		429A6CE21DABA93E001BD8CC /* Main.storyboard in Resources */ = {isa = PBXBuildFile; fileRef = 429A6CE01DABA93E001BD8CC /* Main.storyboard */; };
		429A6CE41DABA93E001BD8CC /* Assets.xcassets in Resources */ = {isa = PBXBuildFile; fileRef = 429A6CE31DABA93E001BD8CC /* Assets.xcassets */; };
		429A6CE71DABA93E001BD8CC /* LaunchScreen.storyboard in Resources */ = {isa = PBXBuildFile; fileRef = 429A6CE51DABA93E001BD8CC /* LaunchScreen.storyboard */; };
		429A6CF21DABA93E001BD8CC /* SyncKitVideoSyncDemoAppTests.m in Sources */ = {isa = PBXBuildFile; fileRef = 429A6CF11DABA93E001BD8CC /* SyncKitVideoSyncDemoAppTests.m */; };
		429A6CFD1DABA93E001BD8CC /* SyncKitVideoSyncDemoAppUITests.m in Sources */ = {isa = PBXBuildFile; fileRef = 429A6CFC1DABA93E001BD8CC /* SyncKitVideoSyncDemoAppUITests.m */; };
		429A6D631DACEEF2001BD8CC /* F3BarGauge.m in Sources */ = {isa = PBXBuildFile; fileRef = 429A6D621DACEEF2001BD8CC /* F3BarGauge.m */; };
		42FBDB9E1DC36C8A00C741FC /* AsyncSocket.framework in Frameworks */ = {isa = PBXBuildFile; fileRef = 42FBDB9D1DC36C8A00C741FC /* AsyncSocket.framework */; };
		42FBDB9F1DC36C8A00C741FC /* AsyncSocket.framework in Embed Frameworks */ = {isa = PBXBuildFile; fileRef = 42FBDB9D1DC36C8A00C741FC /* AsyncSocket.framework */; settings = {ATTRIBUTES = (CodeSignOnCopy, RemoveHeadersOnCopy, ); }; };
		42FBDBA11DC36C8A00C741FC /* AudioPlayerEngine.framework in Frameworks */ = {isa = PBXBuildFile; fileRef = 42FBDBA01DC36C8A00C741FC /* AudioPlayerEngine.framework */; };
		42FBDBA21DC36C8A00C741FC /* AudioPlayerEngine.framework in Embed Frameworks */ = {isa = PBXBuildFile; fileRef = 42FBDBA01DC36C8A00C741FC /* AudioPlayerEngine.framework */; settings = {ATTRIBUTES = (CodeSignOnCopy, RemoveHeadersOnCopy, ); }; };
		42FBDBA41DC36C8A00C741FC /* CIIProtocolClient.framework in Frameworks */ = {isa = PBXBuildFile; fileRef = 42FBDBA31DC36C8A00C741FC /* CIIProtocolClient.framework */; };
		42FBDBA51DC36C8A00C741FC /* CIIProtocolClient.framework in Embed Frameworks */ = {isa = PBXBuildFile; fileRef = 42FBDBA31DC36C8A00C741FC /* CIIProtocolClient.framework */; settings = {ATTRIBUTES = (CodeSignOnCopy, RemoveHeadersOnCopy, ); }; };
		42FBDBA71DC36C8A00C741FC /* ClockTimelines.framework in Frameworks */ = {isa = PBXBuildFile; fileRef = 42FBDBA61DC36C8A00C741FC /* ClockTimelines.framework */; };
		42FBDBA81DC36C8A00C741FC /* ClockTimelines.framework in Embed Frameworks */ = {isa = PBXBuildFile; fileRef = 42FBDBA61DC36C8A00C741FC /* ClockTimelines.framework */; settings = {ATTRIBUTES = (CodeSignOnCopy, RemoveHeadersOnCopy, ); }; };
		42FBDBAA1DC36C8A00C741FC /* CSASynchroniser.framework in Frameworks */ = {isa = PBXBuildFile; fileRef = 42FBDBA91DC36C8A00C741FC /* CSASynchroniser.framework */; };
		42FBDBAB1DC36C8A00C741FC /* CSASynchroniser.framework in Embed Frameworks */ = {isa = PBXBuildFile; fileRef = 42FBDBA91DC36C8A00C741FC /* CSASynchroniser.framework */; settings = {ATTRIBUTES = (CodeSignOnCopy, RemoveHeadersOnCopy, ); }; };
		42FBDBAD1DC36C8A00C741FC /* DIALDeviceDiscovery.framework in Frameworks */ = {isa = PBXBuildFile; fileRef = 42FBDBAC1DC36C8A00C741FC /* DIALDeviceDiscovery.framework */; };
		42FBDBAE1DC36C8A00C741FC /* DIALDeviceDiscovery.framework in Embed Frameworks */ = {isa = PBXBuildFile; fileRef = 42FBDBAC1DC36C8A00C741FC /* DIALDeviceDiscovery.framework */; settings = {ATTRIBUTES = (CodeSignOnCopy, RemoveHeadersOnCopy, ); }; };
		42FBDBB01DC36C8B00C741FC /* DIALTVSelectionUIViews.framework in Frameworks */ = {isa = PBXBuildFile; fileRef = 42FBDBAF1DC36C8B00C741FC /* DIALTVSelectionUIViews.framework */; };
		42FBDBB11DC36C8B00C741FC /* DIALTVSelectionUIViews.framework in Embed Frameworks */ = {isa = PBXBuildFile; fileRef = 42FBDBAF1DC36C8B00C741FC /* DIALTVSelectionUIViews.framework */; settings = {ATTRIBUTES = (CodeSignOnCopy, RemoveHeadersOnCopy, ); }; };
		42FBDBB51DC36C8B00C741FC /* JSONModelFramework.framework in Frameworks */ = {isa = PBXBuildFile; fileRef = 42FBDBB41DC36C8B00C741FC /* JSONModelFramework.framework */; };
		42FBDBB61DC36C8B00C741FC /* JSONModelFramework.framework in Embed Frameworks */ = {isa = PBXBuildFile; fileRef = 42FBDBB41DC36C8B00C741FC /* JSONModelFramework.framework */; settings = {ATTRIBUTES = (CodeSignOnCopy, RemoveHeadersOnCopy, ); }; };
		42FBDBB81DC36C8B00C741FC /* SimpleLogger.framework in Frameworks */ = {isa = PBXBuildFile; fileRef = 42FBDBB71DC36C8B00C741FC /* SimpleLogger.framework */; };
		42FBDBB91DC36C8B00C741FC /* SimpleLogger.framework in Embed Frameworks */ = {isa = PBXBuildFile; fileRef = 42FBDBB71DC36C8B00C741FC /* SimpleLogger.framework */; settings = {ATTRIBUTES = (CodeSignOnCopy, RemoveHeadersOnCopy, ); }; };
		42FBDBBB1DC36C8B00C741FC /* SocketRocketiOS.framework in Frameworks */ = {isa = PBXBuildFile; fileRef = 42FBDBBA1DC36C8B00C741FC /* SocketRocketiOS.framework */; };
		42FBDBBC1DC36C8B00C741FC /* SocketRocketiOS.framework in Embed Frameworks */ = {isa = PBXBuildFile; fileRef = 42FBDBBA1DC36C8B00C741FC /* SocketRocketiOS.framework */; settings = {ATTRIBUTES = (CodeSignOnCopy, RemoveHeadersOnCopy, ); }; };
		42FBDBBE1DC36C8B00C741FC /* SyncController.framework in Frameworks */ = {isa = PBXBuildFile; fileRef = 42FBDBBD1DC36C8B00C741FC /* SyncController.framework */; };
		42FBDBBF1DC36C8B00C741FC /* SyncController.framework in Embed Frameworks */ = {isa = PBXBuildFile; fileRef = 42FBDBBD1DC36C8B00C741FC /* SyncController.framework */; settings = {ATTRIBUTES = (CodeSignOnCopy, RemoveHeadersOnCopy, ); }; };
		42FBDBC11DC36C8B00C741FC /* SyncKitCollections.framework in Frameworks */ = {isa = PBXBuildFile; fileRef = 42FBDBC01DC36C8B00C741FC /* SyncKitCollections.framework */; };
		42FBDBC21DC36C8B00C741FC /* SyncKitCollections.framework in Embed Frameworks */ = {isa = PBXBuildFile; fileRef = 42FBDBC01DC36C8B00C741FC /* SyncKitCollections.framework */; settings = {ATTRIBUTES = (CodeSignOnCopy, RemoveHeadersOnCopy, ); }; };
		42FBDBC41DC36C8B00C741FC /* SyncKitConfiguration.framework in Frameworks */ = {isa = PBXBuildFile; fileRef = 42FBDBC31DC36C8B00C741FC /* SyncKitConfiguration.framework */; };
		42FBDBC51DC36C8B00C741FC /* SyncKitConfiguration.framework in Embed Frameworks */ = {isa = PBXBuildFile; fileRef = 42FBDBC31DC36C8B00C741FC /* SyncKitConfiguration.framework */; settings = {ATTRIBUTES = (CodeSignOnCopy, RemoveHeadersOnCopy, ); }; };
		42FBDBC71DC36C8B00C741FC /* SyncKitDelegate.framework in Frameworks */ = {isa = PBXBuildFile; fileRef = 42FBDBC61DC36C8B00C741FC /* SyncKitDelegate.framework */; };
		42FBDBC81DC36C8B00C741FC /* SyncKitDelegate.framework in Embed Frameworks */ = {isa = PBXBuildFile; fileRef = 42FBDBC61DC36C8B00C741FC /* SyncKitDelegate.framework */; settings = {ATTRIBUTES = (CodeSignOnCopy, RemoveHeadersOnCopy, ); }; };
		42FBDBCA1DC36C8B00C741FC /* TimelineSync.framework in Frameworks */ = {isa = PBXBuildFile; fileRef = 42FBDBC91DC36C8B00C741FC /* TimelineSync.framework */; };
		42FBDBCB1DC36C8B00C741FC /* TimelineSync.framework in Embed Frameworks */ = {isa = PBXBuildFile; fileRef = 42FBDBC91DC36C8B00C741FC /* TimelineSync.framework */; settings = {ATTRIBUTES = (CodeSignOnCopy, RemoveHeadersOnCopy, ); }; };
		42FBDBCD1DC36C8B00C741FC /* UDPMessaging.framework in Frameworks */ = {isa = PBXBuildFile; fileRef = 42FBDBCC1DC36C8B00C741FC /* UDPMessaging.framework */; };
		42FBDBCE1DC36C8B00C741FC /* UDPMessaging.framework in Embed Frameworks */ = {isa = PBXBuildFile; fileRef = 42FBDBCC1DC36C8B00C741FC /* UDPMessaging.framework */; settings = {ATTRIBUTES = (CodeSignOnCopy, RemoveHeadersOnCopy, ); }; };
		42FBDBD01DC36C8B00C741FC /* VideoPlayer.framework in Frameworks */ = {isa = PBXBuildFile; fileRef = 42FBDBCF1DC36C8B00C741FC /* VideoPlayer.framework */; };
		42FBDBD11DC36C8B00C741FC /* VideoPlayer.framework in Embed Frameworks */ = {isa = PBXBuildFile; fileRef = 42FBDBCF1DC36C8B00C741FC /* VideoPlayer.framework */; settings = {ATTRIBUTES = (CodeSignOnCopy, RemoveHeadersOnCopy, ); }; };
		42FBDBD31DC36C8B00C741FC /* WallClockClient.framework in Frameworks */ = {isa = PBXBuildFile; fileRef = 42FBDBD21DC36C8B00C741FC /* WallClockClient.framework */; };
		42FBDBD41DC36C8B00C741FC /* WallClockClient.framework in Embed Frameworks */ = {isa = PBXBuildFile; fileRef = 42FBDBD21DC36C8B00C741FC /* WallClockClient.framework */; settings = {ATTRIBUTES = (CodeSignOnCopy, RemoveHeadersOnCopy, ); }; };
/* End PBXBuildFile section */

/* Begin PBXContainerItemProxy section */
		429A6CEE1DABA93E001BD8CC /* PBXContainerItemProxy */ = {
			isa = PBXContainerItemProxy;
			containerPortal = 429A6CCC1DABA93E001BD8CC /* Project object */;
			proxyType = 1;
			remoteGlobalIDString = 429A6CD31DABA93E001BD8CC;
			remoteInfo = SyncKitVideoSyncDemoApp;
		};
		429A6CF91DABA93E001BD8CC /* PBXContainerItemProxy */ = {
			isa = PBXContainerItemProxy;
			containerPortal = 429A6CCC1DABA93E001BD8CC /* Project object */;
			proxyType = 1;
			remoteGlobalIDString = 429A6CD31DABA93E001BD8CC;
			remoteInfo = SyncKitVideoSyncDemoApp;
		};
/* End PBXContainerItemProxy section */

/* Begin PBXCopyFilesBuildPhase section */
		42FBDBD51DC36C8B00C741FC /* Embed Frameworks */ = {
			isa = PBXCopyFilesBuildPhase;
			buildActionMask = 2147483647;
			dstPath = "";
			dstSubfolderSpec = 10;
			files = (
				42FBDBD41DC36C8B00C741FC /* WallClockClient.framework in Embed Frameworks */,
				42FBDBB11DC36C8B00C741FC /* DIALTVSelectionUIViews.framework in Embed Frameworks */,
				42FBDBB61DC36C8B00C741FC /* JSONModelFramework.framework in Embed Frameworks */,
				42FBDBAB1DC36C8A00C741FC /* CSASynchroniser.framework in Embed Frameworks */,
				42FBDBA21DC36C8A00C741FC /* AudioPlayerEngine.framework in Embed Frameworks */,
				42FBDB9F1DC36C8A00C741FC /* AsyncSocket.framework in Embed Frameworks */,
				42FBDBAE1DC36C8A00C741FC /* DIALDeviceDiscovery.framework in Embed Frameworks */,
				42FBDBBF1DC36C8B00C741FC /* SyncController.framework in Embed Frameworks */,
				42FBDBC81DC36C8B00C741FC /* SyncKitDelegate.framework in Embed Frameworks */,
				42FBDBA81DC36C8A00C741FC /* ClockTimelines.framework in Embed Frameworks */,
				42FBDBCE1DC36C8B00C741FC /* UDPMessaging.framework in Embed Frameworks */,
				42FBDBC51DC36C8B00C741FC /* SyncKitConfiguration.framework in Embed Frameworks */,
				42FBDBCB1DC36C8B00C741FC /* TimelineSync.framework in Embed Frameworks */,
				42FBDBC21DC36C8B00C741FC /* SyncKitCollections.framework in Embed Frameworks */,
				42FBDBBC1DC36C8B00C741FC /* SocketRocketiOS.framework in Embed Frameworks */,
				42FBDBA51DC36C8A00C741FC /* CIIProtocolClient.framework in Embed Frameworks */,
				42FBDBD11DC36C8B00C741FC /* VideoPlayer.framework in Embed Frameworks */,
				42FBDBB91DC36C8B00C741FC /* SimpleLogger.framework in Embed Frameworks */,
			);
			name = "Embed Frameworks";
			runOnlyForDeploymentPostprocessing = 0;
		};
		42FBDBD61DC36C8B00C741FC /* Embed PlugIns */ = {
			isa = PBXCopyFilesBuildPhase;
			buildActionMask = 2147483647;
			dstPath = "";
			dstSubfolderSpec = 13;
			files = (
				42122D8A1DC36F1D002B9C38 /* DIALTV_UI_ResourceBundle.bundle in Embed PlugIns */,
			);
			name = "Embed PlugIns";
			runOnlyForDeploymentPostprocessing = 0;
		};
/* End PBXCopyFilesBuildPhase section */

/* Begin PBXFileReference section */
		42122D891DC36F1D002B9C38 /* DIALTV_UI_ResourceBundle.bundle */ = {isa = PBXFileReference; explicitFileType = wrapper.cfbundle; path = DIALTV_UI_ResourceBundle.bundle; sourceTree = BUILT_PRODUCTS_DIR; };
		429A6CD41DABA93E001BD8CC /* SyncKitVideoSyncDemoApp.app */ = {isa = PBXFileReference; explicitFileType = wrapper.application; includeInIndex = 0; path = SyncKitVideoSyncDemoApp.app; sourceTree = BUILT_PRODUCTS_DIR; };
		429A6CD81DABA93E001BD8CC /* main.m */ = {isa = PBXFileReference; lastKnownFileType = sourcecode.c.objc; path = main.m; sourceTree = "<group>"; };
		429A6CDA1DABA93E001BD8CC /* AppDelegate.h */ = {isa = PBXFileReference; lastKnownFileType = sourcecode.c.h; path = AppDelegate.h; sourceTree = "<group>"; };
		429A6CDB1DABA93E001BD8CC /* AppDelegate.m */ = {isa = PBXFileReference; lastKnownFileType = sourcecode.c.objc; path = AppDelegate.m; sourceTree = "<group>"; };
		429A6CDD1DABA93E001BD8CC /* ViewController.h */ = {isa = PBXFileReference; lastKnownFileType = sourcecode.c.h; path = ViewController.h; sourceTree = "<group>"; };
		429A6CDE1DABA93E001BD8CC /* ViewController.m */ = {isa = PBXFileReference; lastKnownFileType = sourcecode.c.objc; path = ViewController.m; sourceTree = "<group>"; };
		429A6CE11DABA93E001BD8CC /* Base */ = {isa = PBXFileReference; lastKnownFileType = file.storyboard; name = Base; path = Base.lproj/Main.storyboard; sourceTree = "<group>"; };
		429A6CE31DABA93E001BD8CC /* Assets.xcassets */ = {isa = PBXFileReference; lastKnownFileType = folder.assetcatalog; path = Assets.xcassets; sourceTree = "<group>"; };
		429A6CE61DABA93E001BD8CC /* Base */ = {isa = PBXFileReference; lastKnownFileType = file.storyboard; name = Base; path = Base.lproj/LaunchScreen.storyboard; sourceTree = "<group>"; };
		429A6CE81DABA93E001BD8CC /* Info.plist */ = {isa = PBXFileReference; lastKnownFileType = text.plist.xml; path = Info.plist; sourceTree = "<group>"; };
		429A6CED1DABA93E001BD8CC /* SyncKitVideoSyncDemoAppTests.xctest */ = {isa = PBXFileReference; explicitFileType = wrapper.cfbundle; includeInIndex = 0; path = SyncKitVideoSyncDemoAppTests.xctest; sourceTree = BUILT_PRODUCTS_DIR; };
		429A6CF11DABA93E001BD8CC /* SyncKitVideoSyncDemoAppTests.m */ = {isa = PBXFileReference; lastKnownFileType = sourcecode.c.objc; path = SyncKitVideoSyncDemoAppTests.m; sourceTree = "<group>"; };
		429A6CF31DABA93E001BD8CC /* Info.plist */ = {isa = PBXFileReference; lastKnownFileType = text.plist.xml; path = Info.plist; sourceTree = "<group>"; };
		429A6CF81DABA93E001BD8CC /* SyncKitVideoSyncDemoAppUITests.xctest */ = {isa = PBXFileReference; explicitFileType = wrapper.cfbundle; includeInIndex = 0; path = SyncKitVideoSyncDemoAppUITests.xctest; sourceTree = BUILT_PRODUCTS_DIR; };
		429A6CFC1DABA93E001BD8CC /* SyncKitVideoSyncDemoAppUITests.m */ = {isa = PBXFileReference; lastKnownFileType = sourcecode.c.objc; path = SyncKitVideoSyncDemoAppUITests.m; sourceTree = "<group>"; };
		429A6CFE1DABA93E001BD8CC /* Info.plist */ = {isa = PBXFileReference; lastKnownFileType = text.plist.xml; path = Info.plist; sourceTree = "<group>"; };
		429A6D611DACEEF2001BD8CC /* F3BarGauge.h */ = {isa = PBXFileReference; fileEncoding = 4; lastKnownFileType = sourcecode.c.h; path = F3BarGauge.h; sourceTree = "<group>"; };
		429A6D621DACEEF2001BD8CC /* F3BarGauge.m */ = {isa = PBXFileReference; fileEncoding = 4; lastKnownFileType = sourcecode.c.objc; path = F3BarGauge.m; sourceTree = "<group>"; };
		42FBDB9D1DC36C8A00C741FC /* AsyncSocket.framework */ = {isa = PBXFileReference; explicitFileType = wrapper.framework; path = AsyncSocket.framework; sourceTree = BUILT_PRODUCTS_DIR; };
		42FBDBA01DC36C8A00C741FC /* AudioPlayerEngine.framework */ = {isa = PBXFileReference; explicitFileType = wrapper.framework; path = AudioPlayerEngine.framework; sourceTree = BUILT_PRODUCTS_DIR; };
		42FBDBA31DC36C8A00C741FC /* CIIProtocolClient.framework */ = {isa = PBXFileReference; explicitFileType = wrapper.framework; path = CIIProtocolClient.framework; sourceTree = BUILT_PRODUCTS_DIR; };
		42FBDBA61DC36C8A00C741FC /* ClockTimelines.framework */ = {isa = PBXFileReference; explicitFileType = wrapper.framework; path = ClockTimelines.framework; sourceTree = BUILT_PRODUCTS_DIR; };
		42FBDBA91DC36C8A00C741FC /* CSASynchroniser.framework */ = {isa = PBXFileReference; explicitFileType = wrapper.framework; path = CSASynchroniser.framework; sourceTree = BUILT_PRODUCTS_DIR; };
		42FBDBAC1DC36C8A00C741FC /* DIALDeviceDiscovery.framework */ = {isa = PBXFileReference; explicitFileType = wrapper.framework; path = DIALDeviceDiscovery.framework; sourceTree = BUILT_PRODUCTS_DIR; };
		42FBDBAF1DC36C8B00C741FC /* DIALTVSelectionUIViews.framework */ = {isa = PBXFileReference; explicitFileType = wrapper.framework; path = DIALTVSelectionUIViews.framework; sourceTree = BUILT_PRODUCTS_DIR; };
		42FBDBB41DC36C8B00C741FC /* JSONModelFramework.framework */ = {isa = PBXFileReference; explicitFileType = wrapper.framework; path = JSONModelFramework.framework; sourceTree = BUILT_PRODUCTS_DIR; };
		42FBDBB71DC36C8B00C741FC /* SimpleLogger.framework */ = {isa = PBXFileReference; explicitFileType = wrapper.framework; path = SimpleLogger.framework; sourceTree = BUILT_PRODUCTS_DIR; };
		42FBDBBA1DC36C8B00C741FC /* SocketRocketiOS.framework */ = {isa = PBXFileReference; explicitFileType = wrapper.framework; path = SocketRocketiOS.framework; sourceTree = BUILT_PRODUCTS_DIR; };
		42FBDBBD1DC36C8B00C741FC /* SyncController.framework */ = {isa = PBXFileReference; explicitFileType = wrapper.framework; path = SyncController.framework; sourceTree = BUILT_PRODUCTS_DIR; };
		42FBDBC01DC36C8B00C741FC /* SyncKitCollections.framework */ = {isa = PBXFileReference; explicitFileType = wrapper.framework; path = SyncKitCollections.framework; sourceTree = BUILT_PRODUCTS_DIR; };
		42FBDBC31DC36C8B00C741FC /* SyncKitConfiguration.framework */ = {isa = PBXFileReference; explicitFileType = wrapper.framework; path = SyncKitConfiguration.framework; sourceTree = BUILT_PRODUCTS_DIR; };
		42FBDBC61DC36C8B00C741FC /* SyncKitDelegate.framework */ = {isa = PBXFileReference; explicitFileType = wrapper.framework; path = SyncKitDelegate.framework; sourceTree = BUILT_PRODUCTS_DIR; };
		42FBDBC91DC36C8B00C741FC /* TimelineSync.framework */ = {isa = PBXFileReference; explicitFileType = wrapper.framework; path = TimelineSync.framework; sourceTree = BUILT_PRODUCTS_DIR; };
		42FBDBCC1DC36C8B00C741FC /* UDPMessaging.framework */ = {isa = PBXFileReference; explicitFileType = wrapper.framework; path = UDPMessaging.framework; sourceTree = BUILT_PRODUCTS_DIR; };
		42FBDBCF1DC36C8B00C741FC /* VideoPlayer.framework */ = {isa = PBXFileReference; explicitFileType = wrapper.framework; path = VideoPlayer.framework; sourceTree = BUILT_PRODUCTS_DIR; };
		42FBDBD21DC36C8B00C741FC /* WallClockClient.framework */ = {isa = PBXFileReference; explicitFileType = wrapper.framework; path = WallClockClient.framework; sourceTree = BUILT_PRODUCTS_DIR; };
/* End PBXFileReference section */

/* Begin PBXFrameworksBuildPhase section */
		429A6CD11DABA93E001BD8CC /* Frameworks */ = {
			isa = PBXFrameworksBuildPhase;
			buildActionMask = 2147483647;
			files = (
				42FBDBD31DC36C8B00C741FC /* WallClockClient.framework in Frameworks */,
				42FBDBB01DC36C8B00C741FC /* DIALTVSelectionUIViews.framework in Frameworks */,
				42FBDBB51DC36C8B00C741FC /* JSONModelFramework.framework in Frameworks */,
				42FBDBAA1DC36C8A00C741FC /* CSASynchroniser.framework in Frameworks */,
				42FBDBA11DC36C8A00C741FC /* AudioPlayerEngine.framework in Frameworks */,
				42FBDB9E1DC36C8A00C741FC /* AsyncSocket.framework in Frameworks */,
				42FBDBAD1DC36C8A00C741FC /* DIALDeviceDiscovery.framework in Frameworks */,
				42FBDBBE1DC36C8B00C741FC /* SyncController.framework in Frameworks */,
				42FBDBC71DC36C8B00C741FC /* SyncKitDelegate.framework in Frameworks */,
				42FBDBA71DC36C8A00C741FC /* ClockTimelines.framework in Frameworks */,
				42FBDBCD1DC36C8B00C741FC /* UDPMessaging.framework in Frameworks */,
				42FBDBC41DC36C8B00C741FC /* SyncKitConfiguration.framework in Frameworks */,
				42FBDBCA1DC36C8B00C741FC /* TimelineSync.framework in Frameworks */,
				42FBDBC11DC36C8B00C741FC /* SyncKitCollections.framework in Frameworks */,
				42FBDBBB1DC36C8B00C741FC /* SocketRocketiOS.framework in Frameworks */,
				42FBDBA41DC36C8A00C741FC /* CIIProtocolClient.framework in Frameworks */,
				42FBDBD01DC36C8B00C741FC /* VideoPlayer.framework in Frameworks */,
				42FBDBB81DC36C8B00C741FC /* SimpleLogger.framework in Frameworks */,
			);
			runOnlyForDeploymentPostprocessing = 0;
		};
		429A6CEA1DABA93E001BD8CC /* Frameworks */ = {
			isa = PBXFrameworksBuildPhase;
			buildActionMask = 2147483647;
			files = (
			);
			runOnlyForDeploymentPostprocessing = 0;
		};
		429A6CF51DABA93E001BD8CC /* Frameworks */ = {
			isa = PBXFrameworksBuildPhase;
			buildActionMask = 2147483647;
			files = (
			);
			runOnlyForDeploymentPostprocessing = 0;
		};
/* End PBXFrameworksBuildPhase section */

/* Begin PBXGroup section */
		429A6CCB1DABA93E001BD8CC = {
			isa = PBXGroup;
			children = (
				429A6D0C1DABB311001BD8CC /* Frameworks */,
				429A6CD61DABA93E001BD8CC /* SyncKitVideoSyncDemoApp */,
				429A6CF01DABA93E001BD8CC /* SyncKitVideoSyncDemoAppTests */,
				429A6CFB1DABA93E001BD8CC /* SyncKitVideoSyncDemoAppUITests */,
				429A6CD51DABA93E001BD8CC /* Products */,
			);
			sourceTree = "<group>";
		};
		429A6CD51DABA93E001BD8CC /* Products */ = {
			isa = PBXGroup;
			children = (
				429A6CD41DABA93E001BD8CC /* SyncKitVideoSyncDemoApp.app */,
				429A6CED1DABA93E001BD8CC /* SyncKitVideoSyncDemoAppTests.xctest */,
				429A6CF81DABA93E001BD8CC /* SyncKitVideoSyncDemoAppUITests.xctest */,
			);
			name = Products;
			sourceTree = "<group>";
		};
		429A6CD61DABA93E001BD8CC /* SyncKitVideoSyncDemoApp */ = {
			isa = PBXGroup;
			children = (
				429A6D611DACEEF2001BD8CC /* F3BarGauge.h */,
				429A6D621DACEEF2001BD8CC /* F3BarGauge.m */,
				429A6CDA1DABA93E001BD8CC /* AppDelegate.h */,
				429A6CDB1DABA93E001BD8CC /* AppDelegate.m */,
				429A6CDD1DABA93E001BD8CC /* ViewController.h */,
				429A6CDE1DABA93E001BD8CC /* ViewController.m */,
				429A6CE01DABA93E001BD8CC /* Main.storyboard */,
				429A6CE31DABA93E001BD8CC /* Assets.xcassets */,
				429A6CE51DABA93E001BD8CC /* LaunchScreen.storyboard */,
				429A6CE81DABA93E001BD8CC /* Info.plist */,
				429A6CD71DABA93E001BD8CC /* Supporting Files */,
			);
			path = SyncKitVideoSyncDemoApp;
			sourceTree = "<group>";
		};
		429A6CD71DABA93E001BD8CC /* Supporting Files */ = {
			isa = PBXGroup;
			children = (
				429A6CD81DABA93E001BD8CC /* main.m */,
			);
			name = "Supporting Files";
			sourceTree = "<group>";
		};
		429A6CF01DABA93E001BD8CC /* SyncKitVideoSyncDemoAppTests */ = {
			isa = PBXGroup;
			children = (
				429A6CF11DABA93E001BD8CC /* SyncKitVideoSyncDemoAppTests.m */,
				429A6CF31DABA93E001BD8CC /* Info.plist */,
			);
			path = SyncKitVideoSyncDemoAppTests;
			sourceTree = "<group>";
		};
		429A6CFB1DABA93E001BD8CC /* SyncKitVideoSyncDemoAppUITests */ = {
			isa = PBXGroup;
			children = (
				429A6CFC1DABA93E001BD8CC /* SyncKitVideoSyncDemoAppUITests.m */,
				429A6CFE1DABA93E001BD8CC /* Info.plist */,
			);
			path = SyncKitVideoSyncDemoAppUITests;
			sourceTree = "<group>";
		};
		429A6D0C1DABB311001BD8CC /* Frameworks */ = {
			isa = PBXGroup;
			children = (
				42122D891DC36F1D002B9C38 /* DIALTV_UI_ResourceBundle.bundle */,
				42FBDBD21DC36C8B00C741FC /* WallClockClient.framework */,
				42FBDBCF1DC36C8B00C741FC /* VideoPlayer.framework */,
				42FBDBCC1DC36C8B00C741FC /* UDPMessaging.framework */,
				42FBDBC91DC36C8B00C741FC /* TimelineSync.framework */,
				42FBDBC61DC36C8B00C741FC /* SyncKitDelegate.framework */,
				42FBDBC31DC36C8B00C741FC /* SyncKitConfiguration.framework */,
				42FBDBC01DC36C8B00C741FC /* SyncKitCollections.framework */,
				42FBDBBD1DC36C8B00C741FC /* SyncController.framework */,
				42FBDBBA1DC36C8B00C741FC /* SocketRocketiOS.framework */,
				42FBDBB71DC36C8B00C741FC /* SimpleLogger.framework */,
				42FBDBB41DC36C8B00C741FC /* JSONModelFramework.framework */,
				42FBDBAF1DC36C8B00C741FC /* DIALTVSelectionUIViews.framework */,
				42FBDBAC1DC36C8A00C741FC /* DIALDeviceDiscovery.framework */,
				42FBDBA91DC36C8A00C741FC /* CSASynchroniser.framework */,
				42FBDBA61DC36C8A00C741FC /* ClockTimelines.framework */,
				42FBDBA31DC36C8A00C741FC /* CIIProtocolClient.framework */,
				42FBDBA01DC36C8A00C741FC /* AudioPlayerEngine.framework */,
				42FBDB9D1DC36C8A00C741FC /* AsyncSocket.framework */,
			);
			name = Frameworks;
			path = SyncKitVideoSyncDemoApp;
			sourceTree = "<group>";
		};
/* End PBXGroup section */

/* Begin PBXNativeTarget section */
		429A6CD31DABA93E001BD8CC /* SyncKitVideoSyncDemoApp */ = {
			isa = PBXNativeTarget;
			buildConfigurationList = 429A6D011DABA93E001BD8CC /* Build configuration list for PBXNativeTarget "SyncKitVideoSyncDemoApp" */;
			buildPhases = (
				429A6CD01DABA93E001BD8CC /* Sources */,
				429A6CD11DABA93E001BD8CC /* Frameworks */,
				429A6CD21DABA93E001BD8CC /* Resources */,
				42FBDBD51DC36C8B00C741FC /* Embed Frameworks */,
				42FBDBD61DC36C8B00C741FC /* Embed PlugIns */,
			);
			buildRules = (
			);
			dependencies = (
			);
			name = SyncKitVideoSyncDemoApp;
			productName = SyncKitVideoSyncDemoApp;
			productReference = 429A6CD41DABA93E001BD8CC /* SyncKitVideoSyncDemoApp.app */;
			productType = "com.apple.product-type.application";
		};
		429A6CEC1DABA93E001BD8CC /* SyncKitVideoSyncDemoAppTests */ = {
			isa = PBXNativeTarget;
			buildConfigurationList = 429A6D041DABA93E001BD8CC /* Build configuration list for PBXNativeTarget "SyncKitVideoSyncDemoAppTests" */;
			buildPhases = (
				429A6CE91DABA93E001BD8CC /* Sources */,
				429A6CEA1DABA93E001BD8CC /* Frameworks */,
				429A6CEB1DABA93E001BD8CC /* Resources */,
			);
			buildRules = (
			);
			dependencies = (
				429A6CEF1DABA93E001BD8CC /* PBXTargetDependency */,
			);
			name = SyncKitVideoSyncDemoAppTests;
			productName = SyncKitVideoSyncDemoAppTests;
			productReference = 429A6CED1DABA93E001BD8CC /* SyncKitVideoSyncDemoAppTests.xctest */;
			productType = "com.apple.product-type.bundle.unit-test";
		};
		429A6CF71DABA93E001BD8CC /* SyncKitVideoSyncDemoAppUITests */ = {
			isa = PBXNativeTarget;
			buildConfigurationList = 429A6D071DABA93E001BD8CC /* Build configuration list for PBXNativeTarget "SyncKitVideoSyncDemoAppUITests" */;
			buildPhases = (
				429A6CF41DABA93E001BD8CC /* Sources */,
				429A6CF51DABA93E001BD8CC /* Frameworks */,
				429A6CF61DABA93E001BD8CC /* Resources */,
			);
			buildRules = (
			);
			dependencies = (
				429A6CFA1DABA93E001BD8CC /* PBXTargetDependency */,
			);
			name = SyncKitVideoSyncDemoAppUITests;
			productName = SyncKitVideoSyncDemoAppUITests;
			productReference = 429A6CF81DABA93E001BD8CC /* SyncKitVideoSyncDemoAppUITests.xctest */;
			productType = "com.apple.product-type.bundle.ui-testing";
		};
/* End PBXNativeTarget section */

/* Begin PBXProject section */
		429A6CCC1DABA93E001BD8CC /* Project object */ = {
			isa = PBXProject;
			attributes = {
				LastUpgradeCheck = 0730;
				ORGANIZATIONNAME = "Rajiv Ramdhany";
				TargetAttributes = {
					429A6CD31DABA93E001BD8CC = {
						CreatedOnToolsVersion = 7.3.1;
						DevelopmentTeam = 869YXPEF4W;
					};
					429A6CEC1DABA93E001BD8CC = {
						CreatedOnToolsVersion = 7.3.1;
						TestTargetID = 429A6CD31DABA93E001BD8CC;
					};
					429A6CF71DABA93E001BD8CC = {
						CreatedOnToolsVersion = 7.3.1;
						TestTargetID = 429A6CD31DABA93E001BD8CC;
					};
				};
			};
			buildConfigurationList = 429A6CCF1DABA93E001BD8CC /* Build configuration list for PBXProject "SyncKitVideoSyncDemoApp" */;
			compatibilityVersion = "Xcode 3.2";
			developmentRegion = English;
			hasScannedForEncodings = 0;
			knownRegions = (
				en,
				Base,
			);
			mainGroup = 429A6CCB1DABA93E001BD8CC;
			productRefGroup = 429A6CD51DABA93E001BD8CC /* Products */;
			projectDirPath = "";
			projectRoot = "";
			targets = (
				429A6CD31DABA93E001BD8CC /* SyncKitVideoSyncDemoApp */,
				429A6CEC1DABA93E001BD8CC /* SyncKitVideoSyncDemoAppTests */,
				429A6CF71DABA93E001BD8CC /* SyncKitVideoSyncDemoAppUITests */,
			);
		};
/* End PBXProject section */

/* Begin PBXResourcesBuildPhase section */
		429A6CD21DABA93E001BD8CC /* Resources */ = {
			isa = PBXResourcesBuildPhase;
			buildActionMask = 2147483647;
			files = (
				42122D8B1DC36F2A002B9C38 /* DIALTV_UI_ResourceBundle.bundle in Resources */,
				429A6CE71DABA93E001BD8CC /* LaunchScreen.storyboard in Resources */,
				429A6CE41DABA93E001BD8CC /* Assets.xcassets in Resources */,
				429A6CE21DABA93E001BD8CC /* Main.storyboard in Resources */,
			);
			runOnlyForDeploymentPostprocessing = 0;
		};
		429A6CEB1DABA93E001BD8CC /* Resources */ = {
			isa = PBXResourcesBuildPhase;
			buildActionMask = 2147483647;
			files = (
			);
			runOnlyForDeploymentPostprocessing = 0;
		};
		429A6CF61DABA93E001BD8CC /* Resources */ = {
			isa = PBXResourcesBuildPhase;
			buildActionMask = 2147483647;
			files = (
			);
			runOnlyForDeploymentPostprocessing = 0;
		};
/* End PBXResourcesBuildPhase section */

/* Begin PBXSourcesBuildPhase section */
		429A6CD01DABA93E001BD8CC /* Sources */ = {
			isa = PBXSourcesBuildPhase;
			buildActionMask = 2147483647;
			files = (
				429A6CDF1DABA93E001BD8CC /* ViewController.m in Sources */,
				429A6CDC1DABA93E001BD8CC /* AppDelegate.m in Sources */,
				429A6D631DACEEF2001BD8CC /* F3BarGauge.m in Sources */,
				429A6CD91DABA93E001BD8CC /* main.m in Sources */,
			);
			runOnlyForDeploymentPostprocessing = 0;
		};
		429A6CE91DABA93E001BD8CC /* Sources */ = {
			isa = PBXSourcesBuildPhase;
			buildActionMask = 2147483647;
			files = (
				429A6CF21DABA93E001BD8CC /* SyncKitVideoSyncDemoAppTests.m in Sources */,
			);
			runOnlyForDeploymentPostprocessing = 0;
		};
		429A6CF41DABA93E001BD8CC /* Sources */ = {
			isa = PBXSourcesBuildPhase;
			buildActionMask = 2147483647;
			files = (
				429A6CFD1DABA93E001BD8CC /* SyncKitVideoSyncDemoAppUITests.m in Sources */,
			);
			runOnlyForDeploymentPostprocessing = 0;
		};
/* End PBXSourcesBuildPhase section */

/* Begin PBXTargetDependency section */
		429A6CEF1DABA93E001BD8CC /* PBXTargetDependency */ = {
			isa = PBXTargetDependency;
			target = 429A6CD31DABA93E001BD8CC /* SyncKitVideoSyncDemoApp */;
			targetProxy = 429A6CEE1DABA93E001BD8CC /* PBXContainerItemProxy */;
		};
		429A6CFA1DABA93E001BD8CC /* PBXTargetDependency */ = {
			isa = PBXTargetDependency;
			target = 429A6CD31DABA93E001BD8CC /* SyncKitVideoSyncDemoApp */;
			targetProxy = 429A6CF91DABA93E001BD8CC /* PBXContainerItemProxy */;
		};
/* End PBXTargetDependency section */

/* Begin PBXVariantGroup section */
		429A6CE01DABA93E001BD8CC /* Main.storyboard */ = {
			isa = PBXVariantGroup;
			children = (
				429A6CE11DABA93E001BD8CC /* Base */,
			);
			name = Main.storyboard;
			sourceTree = "<group>";
		};
		429A6CE51DABA93E001BD8CC /* LaunchScreen.storyboard */ = {
			isa = PBXVariantGroup;
			children = (
				429A6CE61DABA93E001BD8CC /* Base */,
			);
			name = LaunchScreen.storyboard;
			sourceTree = "<group>";
		};
/* End PBXVariantGroup section */

/* Begin XCBuildConfiguration section */
		429A6CFF1DABA93E001BD8CC /* Debug */ = {
			isa = XCBuildConfiguration;
			buildSettings = {
				ALWAYS_SEARCH_USER_PATHS = NO;
				CLANG_ANALYZER_NONNULL = YES;
				CLANG_CXX_LANGUAGE_STANDARD = "gnu++0x";
				CLANG_CXX_LIBRARY = "libc++";
				CLANG_ENABLE_MODULES = YES;
				CLANG_ENABLE_OBJC_ARC = YES;
				CLANG_WARN_BOOL_CONVERSION = YES;
				CLANG_WARN_CONSTANT_CONVERSION = YES;
				CLANG_WARN_DIRECT_OBJC_ISA_USAGE = YES_ERROR;
				CLANG_WARN_EMPTY_BODY = YES;
				CLANG_WARN_ENUM_CONVERSION = YES;
				CLANG_WARN_INT_CONVERSION = YES;
				CLANG_WARN_OBJC_ROOT_CLASS = YES_ERROR;
				CLANG_WARN_UNREACHABLE_CODE = YES;
				CLANG_WARN__DUPLICATE_METHOD_MATCH = YES;
				"CODE_SIGN_IDENTITY[sdk=iphoneos*]" = "iPhone Developer";
				COPY_PHASE_STRIP = NO;
				DEBUG_INFORMATION_FORMAT = dwarf;
				ENABLE_STRICT_OBJC_MSGSEND = YES;
				ENABLE_TESTABILITY = YES;
				GCC_C_LANGUAGE_STANDARD = gnu99;
				GCC_DYNAMIC_NO_PIC = NO;
				GCC_NO_COMMON_BLOCKS = YES;
				GCC_OPTIMIZATION_LEVEL = 0;
				GCC_PREPROCESSOR_DEFINITIONS = (
					"DEBUG=1",
					"$(inherited)",
				);
				GCC_WARN_64_TO_32_BIT_CONVERSION = YES;
				GCC_WARN_ABOUT_RETURN_TYPE = YES_ERROR;
				GCC_WARN_UNDECLARED_SELECTOR = YES;
				GCC_WARN_UNINITIALIZED_AUTOS = YES_AGGRESSIVE;
				GCC_WARN_UNUSED_FUNCTION = YES;
				GCC_WARN_UNUSED_VARIABLE = YES;
				IPHONEOS_DEPLOYMENT_TARGET = 9.3;
				MTL_ENABLE_DEBUG_INFO = YES;
				ONLY_ACTIVE_ARCH = YES;
				SDKROOT = iphoneos;
				TARGETED_DEVICE_FAMILY = "1,2";
			};
			name = Debug;
		};
		429A6D001DABA93E001BD8CC /* Release */ = {
			isa = XCBuildConfiguration;
			buildSettings = {
				ALWAYS_SEARCH_USER_PATHS = NO;
				CLANG_ANALYZER_NONNULL = YES;
				CLANG_CXX_LANGUAGE_STANDARD = "gnu++0x";
				CLANG_CXX_LIBRARY = "libc++";
				CLANG_ENABLE_MODULES = YES;
				CLANG_ENABLE_OBJC_ARC = YES;
				CLANG_WARN_BOOL_CONVERSION = YES;
				CLANG_WARN_CONSTANT_CONVERSION = YES;
				CLANG_WARN_DIRECT_OBJC_ISA_USAGE = YES_ERROR;
				CLANG_WARN_EMPTY_BODY = YES;
				CLANG_WARN_ENUM_CONVERSION = YES;
				CLANG_WARN_INT_CONVERSION = YES;
				CLANG_WARN_OBJC_ROOT_CLASS = YES_ERROR;
				CLANG_WARN_UNREACHABLE_CODE = YES;
				CLANG_WARN__DUPLICATE_METHOD_MATCH = YES;
				"CODE_SIGN_IDENTITY[sdk=iphoneos*]" = "iPhone Developer";
				COPY_PHASE_STRIP = NO;
				DEBUG_INFORMATION_FORMAT = "dwarf-with-dsym";
				ENABLE_NS_ASSERTIONS = NO;
				ENABLE_STRICT_OBJC_MSGSEND = YES;
				GCC_C_LANGUAGE_STANDARD = gnu99;
				GCC_NO_COMMON_BLOCKS = YES;
				GCC_WARN_64_TO_32_BIT_CONVERSION = YES;
				GCC_WARN_ABOUT_RETURN_TYPE = YES_ERROR;
				GCC_WARN_UNDECLARED_SELECTOR = YES;
				GCC_WARN_UNINITIALIZED_AUTOS = YES_AGGRESSIVE;
				GCC_WARN_UNUSED_FUNCTION = YES;
				GCC_WARN_UNUSED_VARIABLE = YES;
				IPHONEOS_DEPLOYMENT_TARGET = 9.3;
				MTL_ENABLE_DEBUG_INFO = NO;
				SDKROOT = iphoneos;
				TARGETED_DEVICE_FAMILY = "1,2";
				VALIDATE_PRODUCT = YES;
			};
			name = Release;
		};
		429A6D021DABA93E001BD8CC /* Debug */ = {
			isa = XCBuildConfiguration;
			buildSettings = {
				ASSETCATALOG_COMPILER_APPICON_NAME = AppIcon;
				CODE_SIGN_IDENTITY = "iPhone Developer";
				INFOPLIST_FILE = SyncKitVideoSyncDemoApp/Info.plist;
				LD_RUNPATH_SEARCH_PATHS = "$(inherited) @executable_path/Frameworks";
				PRODUCT_BUNDLE_IDENTIFIER = uk.co.bbc.rd.SyncKitVideoSyncDemoApp;
				PRODUCT_NAME = "$(TARGET_NAME)";
			};
			name = Debug;
		};
		429A6D031DABA93E001BD8CC /* Release */ = {
			isa = XCBuildConfiguration;
			buildSettings = {
				ASSETCATALOG_COMPILER_APPICON_NAME = AppIcon;
				CODE_SIGN_IDENTITY = "iPhone Developer";
				INFOPLIST_FILE = SyncKitVideoSyncDemoApp/Info.plist;
				LD_RUNPATH_SEARCH_PATHS = "$(inherited) @executable_path/Frameworks";
				PRODUCT_BUNDLE_IDENTIFIER = uk.co.bbc.rd.SyncKitVideoSyncDemoApp;
				PRODUCT_NAME = "$(TARGET_NAME)";
			};
			name = Release;
		};
		429A6D051DABA93E001BD8CC /* Debug */ = {
			isa = XCBuildConfiguration;
			buildSettings = {
				BUNDLE_LOADER = "$(TEST_HOST)";
				INFOPLIST_FILE = SyncKitVideoSyncDemoAppTests/Info.plist;
				LD_RUNPATH_SEARCH_PATHS = "$(inherited) @executable_path/Frameworks @loader_path/Frameworks";
				PRODUCT_BUNDLE_IDENTIFIER = uk.co.bbc.rd.SyncKitVideoSyncDemoAppTests;
				PRODUCT_NAME = "$(TARGET_NAME)";
				TEST_HOST = "$(BUILT_PRODUCTS_DIR)/SyncKitVideoSyncDemoApp.app/SyncKitVideoSyncDemoApp";
			};
			name = Debug;
		};
		429A6D061DABA93E001BD8CC /* Release */ = {
			isa = XCBuildConfiguration;
			buildSettings = {
				BUNDLE_LOADER = "$(TEST_HOST)";
				INFOPLIST_FILE = SyncKitVideoSyncDemoAppTests/Info.plist;
				LD_RUNPATH_SEARCH_PATHS = "$(inherited) @executable_path/Frameworks @loader_path/Frameworks";
				PRODUCT_BUNDLE_IDENTIFIER = uk.co.bbc.rd.SyncKitVideoSyncDemoAppTests;
				PRODUCT_NAME = "$(TARGET_NAME)";
				TEST_HOST = "$(BUILT_PRODUCTS_DIR)/SyncKitVideoSyncDemoApp.app/SyncKitVideoSyncDemoApp";
			};
			name = Release;
		};
		429A6D081DABA93E001BD8CC /* Debug */ = {
			isa = XCBuildConfiguration;
			buildSettings = {
				INFOPLIST_FILE = SyncKitVideoSyncDemoAppUITests/Info.plist;
				LD_RUNPATH_SEARCH_PATHS = "$(inherited) @executable_path/Frameworks @loader_path/Frameworks";
				PRODUCT_BUNDLE_IDENTIFIER = uk.co.bbc.rd.SyncKitVideoSyncDemoAppUITests;
				PRODUCT_NAME = "$(TARGET_NAME)";
				TEST_TARGET_NAME = SyncKitVideoSyncDemoApp;
			};
			name = Debug;
		};
		429A6D091DABA93E001BD8CC /* Release */ = {
			isa = XCBuildConfiguration;
			buildSettings = {
				INFOPLIST_FILE = SyncKitVideoSyncDemoAppUITests/Info.plist;
				LD_RUNPATH_SEARCH_PATHS = "$(inherited) @executable_path/Frameworks @loader_path/Frameworks";
				PRODUCT_BUNDLE_IDENTIFIER = uk.co.bbc.rd.SyncKitVideoSyncDemoAppUITests;
				PRODUCT_NAME = "$(TARGET_NAME)";
				TEST_TARGET_NAME = SyncKitVideoSyncDemoApp;
			};
			name = Release;
		};
/* End XCBuildConfiguration section */

/* Begin XCConfigurationList section */
		429A6CCF1DABA93E001BD8CC /* Build configuration list for PBXProject "SyncKitVideoSyncDemoApp" */ = {
			isa = XCConfigurationList;
			buildConfigurations = (
				429A6CFF1DABA93E001BD8CC /* Debug */,
				429A6D001DABA93E001BD8CC /* Release */,
			);
			defaultConfigurationIsVisible = 0;
			defaultConfigurationName = Release;
		};
		429A6D011DABA93E001BD8CC /* Build configuration list for PBXNativeTarget "SyncKitVideoSyncDemoApp" */ = {
			isa = XCConfigurationList;
			buildConfigurations = (
				429A6D021DABA93E001BD8CC /* Debug */,
				429A6D031DABA93E001BD8CC /* Release */,
			);
			defaultConfigurationIsVisible = 0;
			defaultConfigurationName = Release;
		};
		429A6D041DABA93E001BD8CC /* Build configuration list for PBXNativeTarget "SyncKitVideoSyncDemoAppTests" */ = {
			isa = XCConfigurationList;
			buildConfigurations = (
				429A6D051DABA93E001BD8CC /* Debug */,
				429A6D061DABA93E001BD8CC /* Release */,
			);
			defaultConfigurationIsVisible = 0;
			defaultConfigurationName = Release;
		};
		429A6D071DABA93E001BD8CC /* Build configuration list for PBXNativeTarget "SyncKitVideoSyncDemoAppUITests" */ = {
			isa = XCConfigurationList;
			buildConfigurations = (
				429A6D081DABA93E001BD8CC /* Debug */,
				429A6D091DABA93E001BD8CC /* Release */,
			);
			defaultConfigurationIsVisible = 0;
			defaultConfigurationName = Release;
		};
/* End XCConfigurationList section */
	};
	rootObject = 429A6CCC1DABA93E001BD8CC /* Project object */;
}
