// !$*UTF8*$!
{
	archiveVersion = 1;
	classes = {
	};
	objectVersion = 46;
	objects = {

/* Begin PBXBuildFile section */
		4235D1B21DB64CE8007D87D3 /* AsyncSocket.framework in Frameworks */ = {isa = PBXBuildFile; fileRef = 4235D1B11DB64CE8007D87D3 /* AsyncSocket.framework */; };
		4235D1B31DB64CE8007D87D3 /* AsyncSocket.framework in Embed Frameworks */ = {isa = PBXBuildFile; fileRef = 4235D1B11DB64CE8007D87D3 /* AsyncSocket.framework */; settings = {ATTRIBUTES = (CodeSignOnCopy, RemoveHeadersOnCopy, ); }; };
		4268B2F21B1F6DDB00781C20 /* main.m in Sources */ = {isa = PBXBuildFile; fileRef = 4268B2F11B1F6DDB00781C20 /* main.m */; };
		4268B2F51B1F6DDB00781C20 /* AppDelegate.m in Sources */ = {isa = PBXBuildFile; fileRef = 4268B2F41B1F6DDB00781C20 /* AppDelegate.m */; };
		4268B2F81B1F6DDB00781C20 /* UDPClientDemo.xcdatamodeld in Sources */ = {isa = PBXBuildFile; fileRef = 4268B2F61B1F6DDB00781C20 /* UDPClientDemo.xcdatamodeld */; };
		4268B2FB1B1F6DDB00781C20 /* ViewController.m in Sources */ = {isa = PBXBuildFile; fileRef = 4268B2FA1B1F6DDB00781C20 /* ViewController.m */; };
		4268B2FE1B1F6DDB00781C20 /* Main.storyboard in Resources */ = {isa = PBXBuildFile; fileRef = 4268B2FC1B1F6DDB00781C20 /* Main.storyboard */; };
		4268B3001B1F6DDB00781C20 /* Images.xcassets in Resources */ = {isa = PBXBuildFile; fileRef = 4268B2FF1B1F6DDB00781C20 /* Images.xcassets */; };
		4268B3031B1F6DDB00781C20 /* LaunchScreen.xib in Resources */ = {isa = PBXBuildFile; fileRef = 4268B3011B1F6DDB00781C20 /* LaunchScreen.xib */; };
		4268B30F1B1F6DDB00781C20 /* UDPClientDemoTests.m in Sources */ = {isa = PBXBuildFile; fileRef = 4268B30E1B1F6DDB00781C20 /* UDPClientDemoTests.m */; };
/* End PBXBuildFile section */

/* Begin PBXContainerItemProxy section */
		4268B3091B1F6DDB00781C20 /* PBXContainerItemProxy */ = {
			isa = PBXContainerItemProxy;
			containerPortal = 4268B2E41B1F6DDA00781C20 /* Project object */;
			proxyType = 1;
			remoteGlobalIDString = 4268B2EB1B1F6DDB00781C20;
			remoteInfo = UDPClientDemo;
		};
/* End PBXContainerItemProxy section */

/* Begin PBXCopyFilesBuildPhase section */
		4235D1B41DB64CE8007D87D3 /* Embed Frameworks */ = {
			isa = PBXCopyFilesBuildPhase;
			buildActionMask = 2147483647;
			dstPath = "";
			dstSubfolderSpec = 10;
			files = (
				4235D1B31DB64CE8007D87D3 /* AsyncSocket.framework in Embed Frameworks */,
			);
			name = "Embed Frameworks";
			runOnlyForDeploymentPostprocessing = 0;
		};
/* End PBXCopyFilesBuildPhase section */

/* Begin PBXFileReference section */
		4235D1B11DB64CE8007D87D3 /* AsyncSocket.framework */ = {isa = PBXFileReference; lastKnownFileType = wrapper.framework; path = AsyncSocket.framework; sourceTree = "<group>"; };
		4268B2EC1B1F6DDB00781C20 /* UDPClientDemo.app */ = {isa = PBXFileReference; explicitFileType = wrapper.application; includeInIndex = 0; path = UDPClientDemo.app; sourceTree = BUILT_PRODUCTS_DIR; };
		4268B2F01B1F6DDB00781C20 /* Info.plist */ = {isa = PBXFileReference; lastKnownFileType = text.plist.xml; path = Info.plist; sourceTree = "<group>"; };
		4268B2F11B1F6DDB00781C20 /* main.m */ = {isa = PBXFileReference; lastKnownFileType = sourcecode.c.objc; path = main.m; sourceTree = "<group>"; };
		4268B2F31B1F6DDB00781C20 /* AppDelegate.h */ = {isa = PBXFileReference; lastKnownFileType = sourcecode.c.h; path = AppDelegate.h; sourceTree = "<group>"; };
		4268B2F41B1F6DDB00781C20 /* AppDelegate.m */ = {isa = PBXFileReference; lastKnownFileType = sourcecode.c.objc; path = AppDelegate.m; sourceTree = "<group>"; };
		4268B2F71B1F6DDB00781C20 /* UDPClientDemo.xcdatamodel */ = {isa = PBXFileReference; lastKnownFileType = wrapper.xcdatamodel; path = UDPClientDemo.xcdatamodel; sourceTree = "<group>"; };
		4268B2F91B1F6DDB00781C20 /* ViewController.h */ = {isa = PBXFileReference; lastKnownFileType = sourcecode.c.h; path = ViewController.h; sourceTree = "<group>"; };
		4268B2FA1B1F6DDB00781C20 /* ViewController.m */ = {isa = PBXFileReference; lastKnownFileType = sourcecode.c.objc; path = ViewController.m; sourceTree = "<group>"; };
		4268B2FD1B1F6DDB00781C20 /* Base */ = {isa = PBXFileReference; lastKnownFileType = file.storyboard; name = Base; path = Base.lproj/Main.storyboard; sourceTree = "<group>"; };
		4268B2FF1B1F6DDB00781C20 /* Images.xcassets */ = {isa = PBXFileReference; lastKnownFileType = folder.assetcatalog; path = Images.xcassets; sourceTree = "<group>"; };
		4268B3021B1F6DDB00781C20 /* Base */ = {isa = PBXFileReference; lastKnownFileType = file.xib; name = Base; path = Base.lproj/LaunchScreen.xib; sourceTree = "<group>"; };
		4268B3081B1F6DDB00781C20 /* UDPClientDemoTests.xctest */ = {isa = PBXFileReference; explicitFileType = wrapper.cfbundle; includeInIndex = 0; path = UDPClientDemoTests.xctest; sourceTree = BUILT_PRODUCTS_DIR; };
		4268B30D1B1F6DDB00781C20 /* Info.plist */ = {isa = PBXFileReference; lastKnownFileType = text.plist.xml; path = Info.plist; sourceTree = "<group>"; };
		4268B30E1B1F6DDB00781C20 /* UDPClientDemoTests.m */ = {isa = PBXFileReference; lastKnownFileType = sourcecode.c.objc; path = UDPClientDemoTests.m; sourceTree = "<group>"; };
/* End PBXFileReference section */

/* Begin PBXFrameworksBuildPhase section */
		4268B2E91B1F6DDB00781C20 /* Frameworks */ = {
			isa = PBXFrameworksBuildPhase;
			buildActionMask = 2147483647;
			files = (
				4235D1B21DB64CE8007D87D3 /* AsyncSocket.framework in Frameworks */,
			);
			runOnlyForDeploymentPostprocessing = 0;
		};
		4268B3051B1F6DDB00781C20 /* Frameworks */ = {
			isa = PBXFrameworksBuildPhase;
			buildActionMask = 2147483647;
			files = (
			);
			runOnlyForDeploymentPostprocessing = 0;
		};
/* End PBXFrameworksBuildPhase section */

/* Begin PBXGroup section */
		4268B2E31B1F6DDA00781C20 = {
			isa = PBXGroup;
			children = (
				4235D1B11DB64CE8007D87D3 /* AsyncSocket.framework */,
				4268B2EE1B1F6DDB00781C20 /* UDPClientDemo */,
				4268B30B1B1F6DDB00781C20 /* UDPClientDemoTests */,
				4268B2ED1B1F6DDB00781C20 /* Products */,
			);
			sourceTree = "<group>";
		};
		4268B2ED1B1F6DDB00781C20 /* Products */ = {
			isa = PBXGroup;
			children = (
				4268B2EC1B1F6DDB00781C20 /* UDPClientDemo.app */,
				4268B3081B1F6DDB00781C20 /* UDPClientDemoTests.xctest */,
			);
			name = Products;
			sourceTree = "<group>";
		};
		4268B2EE1B1F6DDB00781C20 /* UDPClientDemo */ = {
			isa = PBXGroup;
			children = (
				4268B2F31B1F6DDB00781C20 /* AppDelegate.h */,
				4268B2F41B1F6DDB00781C20 /* AppDelegate.m */,
				4268B2F91B1F6DDB00781C20 /* ViewController.h */,
				4268B2FA1B1F6DDB00781C20 /* ViewController.m */,
				4268B2FC1B1F6DDB00781C20 /* Main.storyboard */,
				4268B2FF1B1F6DDB00781C20 /* Images.xcassets */,
				4268B3011B1F6DDB00781C20 /* LaunchScreen.xib */,
				4268B2F61B1F6DDB00781C20 /* UDPClientDemo.xcdatamodeld */,
				4268B2EF1B1F6DDB00781C20 /* Supporting Files */,
			);
			path = UDPClientDemo;
			sourceTree = "<group>";
		};
		4268B2EF1B1F6DDB00781C20 /* Supporting Files */ = {
			isa = PBXGroup;
			children = (
				4268B2F01B1F6DDB00781C20 /* Info.plist */,
				4268B2F11B1F6DDB00781C20 /* main.m */,
			);
			name = "Supporting Files";
			sourceTree = "<group>";
		};
		4268B30B1B1F6DDB00781C20 /* UDPClientDemoTests */ = {
			isa = PBXGroup;
			children = (
				4268B30E1B1F6DDB00781C20 /* UDPClientDemoTests.m */,
				4268B30C1B1F6DDB00781C20 /* Supporting Files */,
			);
			path = UDPClientDemoTests;
			sourceTree = "<group>";
		};
		4268B30C1B1F6DDB00781C20 /* Supporting Files */ = {
			isa = PBXGroup;
			children = (
				4268B30D1B1F6DDB00781C20 /* Info.plist */,
			);
			name = "Supporting Files";
			sourceTree = "<group>";
		};
/* End PBXGroup section */

/* Begin PBXNativeTarget section */
		4268B2EB1B1F6DDB00781C20 /* UDPClientDemo */ = {
			isa = PBXNativeTarget;
			buildConfigurationList = 4268B3121B1F6DDB00781C20 /* Build configuration list for PBXNativeTarget "UDPClientDemo" */;
			buildPhases = (
				4268B2E81B1F6DDB00781C20 /* Sources */,
				4268B2E91B1F6DDB00781C20 /* Frameworks */,
				4268B2EA1B1F6DDB00781C20 /* Resources */,
				4235D1B41DB64CE8007D87D3 /* Embed Frameworks */,
			);
			buildRules = (
			);
			dependencies = (
			);
			name = UDPClientDemo;
			productName = UDPClientDemo;
			productReference = 4268B2EC1B1F6DDB00781C20 /* UDPClientDemo.app */;
			productType = "com.apple.product-type.application";
		};
		4268B3071B1F6DDB00781C20 /* UDPClientDemoTests */ = {
			isa = PBXNativeTarget;
			buildConfigurationList = 4268B3151B1F6DDB00781C20 /* Build configuration list for PBXNativeTarget "UDPClientDemoTests" */;
			buildPhases = (
				4268B3041B1F6DDB00781C20 /* Sources */,
				4268B3051B1F6DDB00781C20 /* Frameworks */,
				4268B3061B1F6DDB00781C20 /* Resources */,
			);
			buildRules = (
			);
			dependencies = (
				4268B30A1B1F6DDB00781C20 /* PBXTargetDependency */,
			);
			name = UDPClientDemoTests;
			productName = UDPClientDemoTests;
			productReference = 4268B3081B1F6DDB00781C20 /* UDPClientDemoTests.xctest */;
			productType = "com.apple.product-type.bundle.unit-test";
		};
/* End PBXNativeTarget section */

/* Begin PBXProject section */
		4268B2E41B1F6DDA00781C20 /* Project object */ = {
			isa = PBXProject;
			attributes = {
				LastUpgradeCheck = 0630;
				ORGANIZATIONNAME = "BBC RD";
				TargetAttributes = {
					4268B2EB1B1F6DDB00781C20 = {
						CreatedOnToolsVersion = 6.3.1;
					};
					4268B3071B1F6DDB00781C20 = {
						CreatedOnToolsVersion = 6.3.1;
						TestTargetID = 4268B2EB1B1F6DDB00781C20;
					};
				};
			};
			buildConfigurationList = 4268B2E71B1F6DDA00781C20 /* Build configuration list for PBXProject "UDPClientDemo" */;
			compatibilityVersion = "Xcode 3.2";
			developmentRegion = English;
			hasScannedForEncodings = 0;
			knownRegions = (
				en,
				Base,
			);
			mainGroup = 4268B2E31B1F6DDA00781C20;
			productRefGroup = 4268B2ED1B1F6DDB00781C20 /* Products */;
			projectDirPath = "";
			projectRoot = "";
			targets = (
				4268B2EB1B1F6DDB00781C20 /* UDPClientDemo */,
				4268B3071B1F6DDB00781C20 /* UDPClientDemoTests */,
			);
		};
/* End PBXProject section */

/* Begin PBXResourcesBuildPhase section */
		4268B2EA1B1F6DDB00781C20 /* Resources */ = {
			isa = PBXResourcesBuildPhase;
			buildActionMask = 2147483647;
			files = (
				4268B2FE1B1F6DDB00781C20 /* Main.storyboard in Resources */,
				4268B3031B1F6DDB00781C20 /* LaunchScreen.xib in Resources */,
				4268B3001B1F6DDB00781C20 /* Images.xcassets in Resources */,
			);
			runOnlyForDeploymentPostprocessing = 0;
		};
		4268B3061B1F6DDB00781C20 /* Resources */ = {
			isa = PBXResourcesBuildPhase;
			buildActionMask = 2147483647;
			files = (
			);
			runOnlyForDeploymentPostprocessing = 0;
		};
/* End PBXResourcesBuildPhase section */

/* Begin PBXSourcesBuildPhase section */
		4268B2E81B1F6DDB00781C20 /* Sources */ = {
			isa = PBXSourcesBuildPhase;
			buildActionMask = 2147483647;
			files = (
				4268B2F51B1F6DDB00781C20 /* AppDelegate.m in Sources */,
				4268B2F21B1F6DDB00781C20 /* main.m in Sources */,
				4268B2FB1B1F6DDB00781C20 /* ViewController.m in Sources */,
				4268B2F81B1F6DDB00781C20 /* UDPClientDemo.xcdatamodeld in Sources */,
			);
			runOnlyForDeploymentPostprocessing = 0;
		};
		4268B3041B1F6DDB00781C20 /* Sources */ = {
			isa = PBXSourcesBuildPhase;
			buildActionMask = 2147483647;
			files = (
				4268B30F1B1F6DDB00781C20 /* UDPClientDemoTests.m in Sources */,
			);
			runOnlyForDeploymentPostprocessing = 0;
		};
/* End PBXSourcesBuildPhase section */

/* Begin PBXTargetDependency section */
		4268B30A1B1F6DDB00781C20 /* PBXTargetDependency */ = {
			isa = PBXTargetDependency;
			target = 4268B2EB1B1F6DDB00781C20 /* UDPClientDemo */;
			targetProxy = 4268B3091B1F6DDB00781C20 /* PBXContainerItemProxy */;
		};
/* End PBXTargetDependency section */

/* Begin PBXVariantGroup section */
		4268B2FC1B1F6DDB00781C20 /* Main.storyboard */ = {
			isa = PBXVariantGroup;
			children = (
				4268B2FD1B1F6DDB00781C20 /* Base */,
			);
			name = Main.storyboard;
			sourceTree = "<group>";
		};
		4268B3011B1F6DDB00781C20 /* LaunchScreen.xib */ = {
			isa = PBXVariantGroup;
			children = (
				4268B3021B1F6DDB00781C20 /* Base */,
			);
			name = LaunchScreen.xib;
			sourceTree = "<group>";
		};
/* End PBXVariantGroup section */

/* Begin XCBuildConfiguration section */
		4268B3101B1F6DDB00781C20 /* Debug */ = {
			isa = XCBuildConfiguration;
			buildSettings = {
				ALWAYS_SEARCH_USER_PATHS = NO;
				CLANG_CXX_LANGUAGE_STANDARD = "gnu++0x";
				CLANG_CXX_LIBRARY = "libc++";
				CLANG_ENABLE_MODULES = YES;
				CLANG_ENABLE_OBJC_ARC = YES;
				CLANG_WARN_BOOL_CONVERSION = YES;
				CLANG_WARN_CONSTANT_CONVERSION = YES;
				CLANG_WARN_DIRECT_OBJC_ISA_USAGE = YES_ERROR;
				CLANG_WARN_EMPTY_BODY = YES;
				CLANG_WARN_ENUM_CONVERSION = YES;
				CLANG_WARN_INT_CONVERSION = YES;
				CLANG_WARN_OBJC_ROOT_CLASS = YES_ERROR;
				CLANG_WARN_UNREACHABLE_CODE = YES;
				CLANG_WARN__DUPLICATE_METHOD_MATCH = YES;
				"CODE_SIGN_IDENTITY[sdk=iphoneos*]" = "iPhone Developer";
				COPY_PHASE_STRIP = NO;
				DEBUG_INFORMATION_FORMAT = "dwarf-with-dsym";
				ENABLE_STRICT_OBJC_MSGSEND = YES;
				GCC_C_LANGUAGE_STANDARD = gnu99;
				GCC_DYNAMIC_NO_PIC = NO;
				GCC_NO_COMMON_BLOCKS = YES;
				GCC_OPTIMIZATION_LEVEL = 0;
				GCC_PREPROCESSOR_DEFINITIONS = (
					"DEBUG=1",
					"$(inherited)",
				);
				GCC_SYMBOLS_PRIVATE_EXTERN = NO;
				GCC_WARN_64_TO_32_BIT_CONVERSION = YES;
				GCC_WARN_ABOUT_RETURN_TYPE = YES_ERROR;
				GCC_WARN_UNDECLARED_SELECTOR = YES;
				GCC_WARN_UNINITIALIZED_AUTOS = YES_AGGRESSIVE;
				GCC_WARN_UNUSED_FUNCTION = YES;
				GCC_WARN_UNUSED_VARIABLE = YES;
				IPHONEOS_DEPLOYMENT_TARGET = 8.3;
				MTL_ENABLE_DEBUG_INFO = YES;
				ONLY_ACTIVE_ARCH = YES;
				SDKROOT = iphoneos;
				TARGETED_DEVICE_FAMILY = "1,2";
			};
			name = Debug;
		};
		4268B3111B1F6DDB00781C20 /* Release */ = {
			isa = XCBuildConfiguration;
			buildSettings = {
				ALWAYS_SEARCH_USER_PATHS = NO;
				CLANG_CXX_LANGUAGE_STANDARD = "gnu++0x";
				CLANG_CXX_LIBRARY = "libc++";
				CLANG_ENABLE_MODULES = YES;
				CLANG_ENABLE_OBJC_ARC = YES;
				CLANG_WARN_BOOL_CONVERSION = YES;
				CLANG_WARN_CONSTANT_CONVERSION = YES;
				CLANG_WARN_DIRECT_OBJC_ISA_USAGE = YES_ERROR;
				CLANG_WARN_EMPTY_BODY = YES;
				CLANG_WARN_ENUM_CONVERSION = YES;
				CLANG_WARN_INT_CONVERSION = YES;
				CLANG_WARN_OBJC_ROOT_CLASS = YES_ERROR;
				CLANG_WARN_UNREACHABLE_CODE = YES;
				CLANG_WARN__DUPLICATE_METHOD_MATCH = YES;
				"CODE_SIGN_IDENTITY[sdk=iphoneos*]" = "iPhone Developer";
				COPY_PHASE_STRIP = NO;
				DEBUG_INFORMATION_FORMAT = "dwarf-with-dsym";
				ENABLE_NS_ASSERTIONS = NO;
				ENABLE_STRICT_OBJC_MSGSEND = YES;
				GCC_C_LANGUAGE_STANDARD = gnu99;
				GCC_NO_COMMON_BLOCKS = YES;
				GCC_WARN_64_TO_32_BIT_CONVERSION = YES;
				GCC_WARN_ABOUT_RETURN_TYPE = YES_ERROR;
				GCC_WARN_UNDECLARED_SELECTOR = YES;
				GCC_WARN_UNINITIALIZED_AUTOS = YES_AGGRESSIVE;
				GCC_WARN_UNUSED_FUNCTION = YES;
				GCC_WARN_UNUSED_VARIABLE = YES;
				IPHONEOS_DEPLOYMENT_TARGET = 8.3;
				MTL_ENABLE_DEBUG_INFO = NO;
				SDKROOT = iphoneos;
				TARGETED_DEVICE_FAMILY = "1,2";
				VALIDATE_PRODUCT = YES;
			};
			name = Release;
		};
		4268B3131B1F6DDB00781C20 /* Debug */ = {
			isa = XCBuildConfiguration;
			buildSettings = {
				ASSETCATALOG_COMPILER_APPICON_NAME = AppIcon;
				FRAMEWORK_SEARCH_PATHS = (
					"$(inherited)",
					"$(USER_LIBRARY_DIR)/Developer/Xcode/DerivedData/AsyncSocketDemo-dmnsygmhnadhbfgblgbareikstju/Build/Products/Debug-iphoneos",
					"$(PROJECT_DIR)",
				);
				INFOPLIST_FILE = UDPClientDemo/Info.plist;
				LD_RUNPATH_SEARCH_PATHS = "$(inherited) @executable_path/Frameworks";
				PRODUCT_NAME = "$(TARGET_NAME)";
			};
			name = Debug;
		};
		4268B3141B1F6DDB00781C20 /* Release */ = {
			isa = XCBuildConfiguration;
			buildSettings = {
				ASSETCATALOG_COMPILER_APPICON_NAME = AppIcon;
				FRAMEWORK_SEARCH_PATHS = (
					"$(inherited)",
					"$(USER_LIBRARY_DIR)/Developer/Xcode/DerivedData/AsyncSocketDemo-dmnsygmhnadhbfgblgbareikstju/Build/Products/Debug-iphoneos",
					"$(PROJECT_DIR)",
				);
				INFOPLIST_FILE = UDPClientDemo/Info.plist;
				LD_RUNPATH_SEARCH_PATHS = "$(inherited) @executable_path/Frameworks";
				PRODUCT_NAME = "$(TARGET_NAME)";
			};
			name = Release;
		};
		4268B3161B1F6DDB00781C20 /* Debug */ = {
			isa = XCBuildConfiguration;
			buildSettings = {
				BUNDLE_LOADER = "$(TEST_HOST)";
				FRAMEWORK_SEARCH_PATHS = (
					"$(SDKROOT)/Developer/Library/Frameworks",
					"$(inherited)",
				);
				GCC_PREPROCESSOR_DEFINITIONS = (
					"DEBUG=1",
					"$(inherited)",
				);
				INFOPLIST_FILE = UDPClientDemoTests/Info.plist;
				LD_RUNPATH_SEARCH_PATHS = "$(inherited) @executable_path/Frameworks @loader_path/Frameworks";
				PRODUCT_NAME = "$(TARGET_NAME)";
				TEST_HOST = "$(BUILT_PRODUCTS_DIR)/UDPClientDemo.app/UDPClientDemo";
			};
			name = Debug;
		};
		4268B3171B1F6DDB00781C20 /* Release */ = {
			isa = XCBuildConfiguration;
			buildSettings = {
				BUNDLE_LOADER = "$(TEST_HOST)";
				FRAMEWORK_SEARCH_PATHS = (
					"$(SDKROOT)/Developer/Library/Frameworks",
					"$(inherited)",
				);
				INFOPLIST_FILE = UDPClientDemoTests/Info.plist;
				LD_RUNPATH_SEARCH_PATHS = "$(inherited) @executable_path/Frameworks @loader_path/Frameworks";
				PRODUCT_NAME = "$(TARGET_NAME)";
				TEST_HOST = "$(BUILT_PRODUCTS_DIR)/UDPClientDemo.app/UDPClientDemo";
			};
			name = Release;
		};
/* End XCBuildConfiguration section */

/* Begin XCConfigurationList section */
		4268B2E71B1F6DDA00781C20 /* Build configuration list for PBXProject "UDPClientDemo" */ = {
			isa = XCConfigurationList;
			buildConfigurations = (
				4268B3101B1F6DDB00781C20 /* Debug */,
				4268B3111B1F6DDB00781C20 /* Release */,
			);
			defaultConfigurationIsVisible = 0;
			defaultConfigurationName = Release;
		};
		4268B3121B1F6DDB00781C20 /* Build configuration list for PBXNativeTarget "UDPClientDemo" */ = {
			isa = XCConfigurationList;
			buildConfigurations = (
				4268B3131B1F6DDB00781C20 /* Debug */,
				4268B3141B1F6DDB00781C20 /* Release */,
			);
			defaultConfigurationIsVisible = 0;
			defaultConfigurationName = Release;
		};
		4268B3151B1F6DDB00781C20 /* Build configuration list for PBXNativeTarget "UDPClientDemoTests" */ = {
			isa = XCConfigurationList;
			buildConfigurations = (
				4268B3161B1F6DDB00781C20 /* Debug */,
				4268B3171B1F6DDB00781C20 /* Release */,
			);
			defaultConfigurationIsVisible = 0;
			defaultConfigurationName = Release;
		};
/* End XCConfigurationList section */

/* Begin XCVersionGroup section */
		4268B2F61B1F6DDB00781C20 /* UDPClientDemo.xcdatamodeld */ = {
			isa = XCVersionGroup;
			children = (
				4268B2F71B1F6DDB00781C20 /* UDPClientDemo.xcdatamodel */,
			);
			currentVersion = 4268B2F71B1F6DDB00781C20 /* UDPClientDemo.xcdatamodel */;
			path = UDPClientDemo.xcdatamodeld;
			sourceTree = "<group>";
			versionGroupType = wrapper.xcdatamodel;
		};
/* End XCVersionGroup section */
	};
	rootObject = 4268B2E41B1F6DDA00781C20 /* Project object */;
}
